
Microsoft Visual Studio Solution File, Format Version 12.00
# Visual Studio Version 17
VisualStudioVersion = 17.12.35527.113
MinimumVisualStudioVersion = 10.0.40219.1
Project("{2150E333-8FDC-42A3-9474-1A3956D46DE8}") = "Src", "Src", "{0BEF4D94-79E6-4024-BFAD-425304A8F567}"
EndProject
Project("{2150E333-8FDC-42A3-9474-1A3956D46DE8}") = "Src-pkg", "Src-pkg", "{708BDD7D-00B6-45BC-B8CB-F81BAAA8ABFA}"
EndProject
Project("{2150E333-8FDC-42A3-9474-1A3956D46DE8}") = "Test", "Test", "{2A285DB2-09BD-4DD1-8B65-64931CD20377}"
EndProject
Project("{2150E333-8FDC-42A3-9474-1A3956D46DE8}") = "Pkg", "Pkg", "{7214D50C-FB4A-474D-AB1F-0A438A8254F0}"
EndProject
Project("{2150E333-8FDC-42A3-9474-1A3956D46DE8}") = "01-Domain", "01-Domain", "{6AB85E37-4DBC-48B9-A235-4B5E40C0651C}"
EndProject
Project("{2150E333-8FDC-42A3-9474-1A3956D46DE8}") = "02-Infrastructure", "02-Infrastructure", "{79757276-5157-47E2-B50F-650CAA6D11FC}"
EndProject
Project("{2150E333-8FDC-42A3-9474-1A3956D46DE8}") = "03-Endpoints", "03-Endpoints", "{51A019E2-5894-43CB-B98C-D01796FE8722}"
EndProject
Project("{2150E333-8FDC-42A3-9474-1A3956D46DE8}") = "Core", "Core", "{F9C04A30-0689-4290-BE9A-CC2BC394A94D}"
EndProject
Project("{2150E333-8FDC-42A3-9474-1A3956D46DE8}") = "Services", "Services", "{9D49B69A-18BA-42B1-B2D5-2C084E126047}"
EndProject
Project("{2150E333-8FDC-42A3-9474-1A3956D46DE8}") = "DataAccess", "DataAccess", "{B64B4EA6-02E0-4C4B-9D33-1B8B4910813C}"
EndProject
Project("{2150E333-8FDC-42A3-9474-1A3956D46DE8}") = "Db", "Db", "{B188994D-4B6D-4B67-B283-862BA9CA7457}"
EndProject
Project("{2150E333-8FDC-42A3-9474-1A3956D46DE8}") = "Providers", "Providers", "{6B1DB97E-E140-4C6E-A093-C254A209FECA}"
EndProject
Project("{FAE04EC0-301F-11D3-BF4B-00C04F79EFBC}") = "App.Domain.Core", "App.Domian.Core\App.Domain.Core.csproj", "{3495AF21-00EE-41F7-A47C-7E73D9B68102}"
EndProject
Project("{FAE04EC0-301F-11D3-BF4B-00C04F79EFBC}") = "App.Domain.Services.AppService", "App.Domian.Servies.AppService\App.Domain.Services.AppService.csproj", "{6E82579C-43D8-4307-B0AD-3CE9CBFF83AD}"
EndProject
Project("{FAE04EC0-301F-11D3-BF4B-00C04F79EFBC}") = "App.Domain.Services.Service", "App.Domain.Services.Service\App.Domain.Services.Service.csproj", "{1921F857-7A1F-48FB-A26A-25649AA0787B}"
EndProject
Project("{FAE04EC0-301F-11D3-BF4B-00C04F79EFBC}") = "App.Infrastructure.DbAccess.Repository.Ef", "App.Infrastructure.DbAccess.Repository.Ef\App.Infrastructure.DbAccess.Repository.Ef.csproj", "{28EEA358-260F-4217-A04B-F836BAFA0D80}"
EndProject
Project("{FAE04EC0-301F-11D3-BF4B-00C04F79EFBC}") = "App.Infrastructure.Db.SqlServer.Ef", "App.Infrastructure.Db.SqlServer.Ef\App.Infrastructure.Db.SqlServer.Ef.csproj", "{F39BF014-A822-4C26-9442-02B891F4A157}"
EndProject
Project("{FAE04EC0-301F-11D3-BF4B-00C04F79EFBC}") = "App.Endpoints.Console.ATM", "App.Endpoints.Console.ATM\App.Endpoints.Console.ATM.csproj", "{6BB52992-A993-4045-8C44-BB645811DA63}"
EndProject
Project("{FAE04EC0-301F-11D3-BF4B-00C04F79EFBC}") = "App.Endpoints.MVC.ATM", "App.Endpoints.MVC.ATM\App.Endpoints.MVC.ATM.csproj", "{12F93306-8804-4311-9928-6051787A67DC}"
EndProject
Global
	GlobalSection(SolutionConfigurationPlatforms) = preSolution
		Debug|Any CPU = Debug|Any CPU
		Release|Any CPU = Release|Any CPU
	EndGlobalSection
	GlobalSection(ProjectConfigurationPlatforms) = postSolution
		{3495AF21-00EE-41F7-A47C-7E73D9B68102}.Debug|Any CPU.ActiveCfg = Debug|Any CPU
		{3495AF21-00EE-41F7-A47C-7E73D9B68102}.Debug|Any CPU.Build.0 = Debug|Any CPU
		{3495AF21-00EE-41F7-A47C-7E73D9B68102}.Release|Any CPU.ActiveCfg = Release|Any CPU
		{3495AF21-00EE-41F7-A47C-7E73D9B68102}.Release|Any CPU.Build.0 = Release|Any CPU
		{6E82579C-43D8-4307-B0AD-3CE9CBFF83AD}.Debug|Any CPU.ActiveCfg = Debug|Any CPU
		{6E82579C-43D8-4307-B0AD-3CE9CBFF83AD}.Debug|Any CPU.Build.0 = Debug|Any CPU
		{6E82579C-43D8-4307-B0AD-3CE9CBFF83AD}.Release|Any CPU.ActiveCfg = Release|Any CPU
		{6E82579C-43D8-4307-B0AD-3CE9CBFF83AD}.Release|Any CPU.Build.0 = Release|Any CPU
		{1921F857-7A1F-48FB-A26A-25649AA0787B}.Debug|Any CPU.ActiveCfg = Debug|Any CPU
		{1921F857-7A1F-48FB-A26A-25649AA0787B}.Debug|Any CPU.Build.0 = Debug|Any CPU
		{1921F857-7A1F-48FB-A26A-25649AA0787B}.Release|Any CPU.ActiveCfg = Release|Any CPU
		{1921F857-7A1F-48FB-A26A-25649AA0787B}.Release|Any CPU.Build.0 = Release|Any CPU
		{28EEA358-260F-4217-A04B-F836BAFA0D80}.Debug|Any CPU.ActiveCfg = Debug|Any CPU
		{28EEA358-260F-4217-A04B-F836BAFA0D80}.Debug|Any CPU.Build.0 = Debug|Any CPU
		{28EEA358-260F-4217-A04B-F836BAFA0D80}.Release|Any CPU.ActiveCfg = Release|Any CPU
		{28EEA358-260F-4217-A04B-F836BAFA0D80}.Release|Any CPU.Build.0 = Release|Any CPU
		{F39BF014-A822-4C26-9442-02B891F4A157}.Debug|Any CPU.ActiveCfg = Debug|Any CPU
		{F39BF014-A822-4C26-9442-02B891F4A157}.Debug|Any CPU.Build.0 = Debug|Any CPU
		{F39BF014-A822-4C26-9442-02B891F4A157}.Release|Any CPU.ActiveCfg = Release|Any CPU
		{F39BF014-A822-4C26-9442-02B891F4A157}.Release|Any CPU.Build.0 = Release|Any CPU
		{6BB52992-A993-4045-8C44-BB645811DA63}.Debug|Any CPU.ActiveCfg = Debug|Any CPU
		{6BB52992-A993-4045-8C44-BB645811DA63}.Debug|Any CPU.Build.0 = Debug|Any CPU
		{6BB52992-A993-4045-8C44-BB645811DA63}.Release|Any CPU.ActiveCfg = Release|Any CPU
		{6BB52992-A993-4045-8C44-BB645811DA63}.Release|Any CPU.Build.0 = Release|Any CPU
		{12F93306-8804-4311-9928-6051787A67DC}.Debug|Any CPU.ActiveCfg = Debug|Any CPU
		{12F93306-8804-4311-9928-6051787A67DC}.Debug|Any CPU.Build.0 = Debug|Any CPU
		{12F93306-8804-4311-9928-6051787A67DC}.Release|Any CPU.ActiveCfg = Release|Any CPU
		{12F93306-8804-4311-9928-6051787A67DC}.Release|Any CPU.Build.0 = Release|Any CPU
	EndGlobalSection
	GlobalSection(SolutionProperties) = preSolution
		HideSolutionNode = FALSE
	EndGlobalSection
	GlobalSection(NestedProjects) = preSolution
		{6AB85E37-4DBC-48B9-A235-4B5E40C0651C} = {0BEF4D94-79E6-4024-BFAD-425304A8F567}
		{79757276-5157-47E2-B50F-650CAA6D11FC} = {0BEF4D94-79E6-4024-BFAD-425304A8F567}
		{51A019E2-5894-43CB-B98C-D01796FE8722} = {0BEF4D94-79E6-4024-BFAD-425304A8F567}
		{F9C04A30-0689-4290-BE9A-CC2BC394A94D} = {6AB85E37-4DBC-48B9-A235-4B5E40C0651C}
		{9D49B69A-18BA-42B1-B2D5-2C084E126047} = {6AB85E37-4DBC-48B9-A235-4B5E40C0651C}
		{B64B4EA6-02E0-4C4B-9D33-1B8B4910813C} = {79757276-5157-47E2-B50F-650CAA6D11FC}
		{B188994D-4B6D-4B67-B283-862BA9CA7457} = {79757276-5157-47E2-B50F-650CAA6D11FC}
		{6B1DB97E-E140-4C6E-A093-C254A209FECA} = {79757276-5157-47E2-B50F-650CAA6D11FC}
		{3495AF21-00EE-41F7-A47C-7E73D9B68102} = {F9C04A30-0689-4290-BE9A-CC2BC394A94D}
		{6E82579C-43D8-4307-B0AD-3CE9CBFF83AD} = {9D49B69A-18BA-42B1-B2D5-2C084E126047}
		{1921F857-7A1F-48FB-A26A-25649AA0787B} = {9D49B69A-18BA-42B1-B2D5-2C084E126047}
		{28EEA358-260F-4217-A04B-F836BAFA0D80} = {B64B4EA6-02E0-4C4B-9D33-1B8B4910813C}
		{F39BF014-A822-4C26-9442-02B891F4A157} = {B188994D-4B6D-4B67-B283-862BA9CA7457}
		{6BB52992-A993-4045-8C44-BB645811DA63} = {51A019E2-5894-43CB-B98C-D01796FE8722}
		{12F93306-8804-4311-9928-6051787A67DC} = {51A019E2-5894-43CB-B98C-D01796FE8722}
	EndGlobalSection
EndGlobal
